
Microsoft Visual Studio Solution File, Format Version 12.00
# Visual Studio Version 16
VisualStudioVersion = 16.0.29519.87
MinimumVisualStudioVersion = 10.0.40219.1
Project("{9A19103F-16F7-4668-BE54-9A1E7A4F7556}") = "EmailService", "EmailService\EmailService.csproj", "{5BBE4D91-9D6B-4C90-8697-A96C3CBE5E0F}"
EndProject
Global
	GlobalSection(SolutionConfigurationPlatforms) = preSolution
		Debug|Any CPU = Debug|Any CPU
		Release|Any CPU = Release|Any CPU
	EndGlobalSection
	GlobalSection(ProjectConfigurationPlatforms) = postSolution
		{5BBE4D91-9D6B-4C90-8697-A96C3CBE5E0F}.Debug|Any CPU.ActiveCfg = Debug|Any CPU
		{5BBE4D91-9D6B-4C90-8697-A96C3CBE5E0F}.Debug|Any CPU.Build.0 = Debug|Any CPU
		{5BBE4D91-9D6B-4C90-8697-A96C3CBE5E0F}.Release|Any CPU.ActiveCfg = Release|Any CPU
		{5BBE4D91-9D6B-4C90-8697-A96C3CBE5E0F}.Release|Any CPU.Build.0 = Release|Any CPU
	EndGlobalSection
	GlobalSection(SolutionProperties) = preSolution
		HideSolutionNode = FALSE
	EndGlobalSection
	GlobalSection(ExtensibilityGlobals) = postSolution
		SolutionGuid = {27C97AC1-FEA9-46DE-994E-2B4FD705DFD3}
	EndGlobalSection
EndGlobal
